
Microsoft Visual Studio Solution File, Format Version 12.00
# Visual Studio Version 17
VisualStudioVersion = 17.9.34723.18
MinimumVisualStudioVersion = 10.0.40219.1
Project("{FAE04EC0-301F-11D3-BF4B-00C04F79EFBC}") = "API", "API\API.csproj", "{A57AC9C5-0238-40C4-9F7F-13A3A566957F}"
EndProject
Project("{2150E333-8FDC-42A3-9474-1A3956D46DE8}") = "Elementos de la solución", "Elementos de la solución", "{1D1C744E-C7F1-44B8-B996-32B3AE8C4F13}"
	ProjectSection(SolutionItems) = preProject
		readme.md = readme.md
	EndProjectSection
EndProject
Global
	GlobalSection(SolutionConfigurationPlatforms) = preSolution
		Debug|Any CPU = Debug|Any CPU
		Release|Any CPU = Release|Any CPU
	EndGlobalSection
	GlobalSection(ProjectConfigurationPlatforms) = postSolution
		{A57AC9C5-0238-40C4-9F7F-13A3A566957F}.Debug|Any CPU.ActiveCfg = Debug|Any CPU
		{A57AC9C5-0238-40C4-9F7F-13A3A566957F}.Debug|Any CPU.Build.0 = Debug|Any CPU
		{A57AC9C5-0238-40C4-9F7F-13A3A566957F}.Release|Any CPU.ActiveCfg = Release|Any CPU
		{A57AC9C5-0238-40C4-9F7F-13A3A566957F}.Release|Any CPU.Build.0 = Release|Any CPU
	EndGlobalSection
	GlobalSection(SolutionProperties) = preSolution
		HideSolutionNode = FALSE
	EndGlobalSection
	GlobalSection(ExtensibilityGlobals) = postSolution
		SolutionGuid = {4B931C2C-6985-48F5-95B9-803AB138F663}
	EndGlobalSection
EndGlobal
